
Microsoft Visual Studio Solution File, Format Version 12.00
# Visual Studio Version 17
VisualStudioVersion = 17.1.32414.318
MinimumVisualStudioVersion = 10.0.40219.1
Project("{FAE04EC0-301F-11D3-BF4B-00C04F79EFBC}") = "Operatoren", "Operatoren\Operatoren.csproj", "{B037A9F4-0246-43A3-B193-82C44DE811E0}"
EndProject
Global
	GlobalSection(SolutionConfigurationPlatforms) = preSolution
		Debug|Any CPU = Debug|Any CPU
		Release|Any CPU = Release|Any CPU
	EndGlobalSection
	GlobalSection(ProjectConfigurationPlatforms) = postSolution
		{B037A9F4-0246-43A3-B193-82C44DE811E0}.Debug|Any CPU.ActiveCfg = Debug|Any CPU
		{B037A9F4-0246-43A3-B193-82C44DE811E0}.Debug|Any CPU.Build.0 = Debug|Any CPU
		{B037A9F4-0246-43A3-B193-82C44DE811E0}.Release|Any CPU.ActiveCfg = Release|Any CPU
		{B037A9F4-0246-43A3-B193-82C44DE811E0}.Release|Any CPU.Build.0 = Release|Any CPU
	EndGlobalSection
	GlobalSection(SolutionProperties) = preSolution
		HideSolutionNode = FALSE
	EndGlobalSection
	GlobalSection(ExtensibilityGlobals) = postSolution
		SolutionGuid = {668E3F22-B08F-4D8E-9528-ABEC9DB7997B}
	EndGlobalSection
EndGlobal
